
Microsoft Visual Studio Solution File, Format Version 11.00
# Visual Studio 2010
Project("{FAE04EC0-301F-11D3-BF4B-00C04F79EFBC}") = "DemoOpenGLBasicsCS", "DemoOpenGLBasicsCS.csproj", "{BD0F06BD-F23B-4608-B86A-C39ECDB7F7DF}"
EndProject
Global
	GlobalSection(SolutionConfigurationPlatforms) = preSolution
		Debug|Any CPU = Debug|Any CPU
		Release|Any CPU = Release|Any CPU
	EndGlobalSection
	GlobalSection(ProjectConfigurationPlatforms) = postSolution
		{BD0F06BD-F23B-4608-B86A-C39ECDB7F7DF}.Debug|Any CPU.ActiveCfg = Debug|Any CPU
		{BD0F06BD-F23B-4608-B86A-C39ECDB7F7DF}.Debug|Any CPU.Build.0 = Debug|Any CPU
		{BD0F06BD-F23B-4608-B86A-C39ECDB7F7DF}.Release|Any CPU.ActiveCfg = Release|Any CPU
		{BD0F06BD-F23B-4608-B86A-C39ECDB7F7DF}.Release|Any CPU.Build.0 = Release|Any CPU
	EndGlobalSection
	GlobalSection(SolutionProperties) = preSolution
		HideSolutionNode = FALSE
	EndGlobalSection
EndGlobal
